<?xml version="1.0" encoding="utf-8"?>
<Project ToolsVersion="4.0" xmlns="http://schemas.microsoft.com/developer/msbuild/2003">
  <ItemGroup>
    <ClCompile Include="L:\partio\contrib\partio4Maya\partio4MayaShared.cpp">
      <Filter>Source Files</Filter>
    </ClCompile>
    <ClCompile Include="L:\partio\contrib\partio4Maya\partioEmitter.cpp">
      <Filter>Source Files</Filter>
    </ClCompile>
    <ClCompile Include="L:\partio\contrib\partio4Maya\partioExport.cpp">
      <Filter>Source Files</Filter>
    </ClCompile>
    <ClCompile Include="L:\partio\contrib\partio4Maya\partioVisualizer.cpp">
      <Filter>Source Files</Filter>
    </ClCompile>
    <ClCompile Include="L:\partio\contrib\partio4Maya\plugin.cpp">
      <Filter>Source Files</Filter>
    </ClCompile>
  </ItemGroup>
  <ItemGroup>
    <ClInclude Include="L:\partio\contrib\partio4Maya\iconArrays.h">
      <Filter>Header Files</Filter>
    </ClInclude>
    <ClInclude Include="L:\partio\contrib\partio4Maya\partio4MayaShared.h">
      <Filter>Header Files</Filter>
    </ClInclude>
    <ClInclude Include="L:\partio\contrib\partio4Maya\partioEmitter.h">
      <Filter>Header Files</Filter>
    </ClInclude>
    <ClInclude Include="L:\partio\contrib\partio4Maya\partioExport.h">
      <Filter>Header Files</Filter>
    </ClInclude>
    <ClInclude Include="L:\partio\contrib\partio4Maya\partioVisualizer.h">
      <Filter>Header Files</Filter>
    </ClInclude>
  </ItemGroup>
  <ItemGroup>
  </ItemGroup>
  <ItemGroup>
  </ItemGroup>
  <ItemGroup>
    <CustomBuild Include="CMakeLists.txt" />
  </ItemGroup>
  <ItemGroup>
    <Filter Include="Source Files">
      <UniqueIdentifier>{288C087F-5145-4879-A16C-EE93209EAD2B}</UniqueIdentifier>
    </Filter>
    <Filter Include="Header Files">
      <UniqueIdentifier>{1B87D004-EC91-4950-8751-515ACAEF1908}</UniqueIdentifier>
    </Filter>
  </ItemGroup>
  <ItemGroup>
  </ItemGroup>
</Project>
